
Microsoft Visual Studio Solution File, Format Version 12.00
# Visual Studio Version 17
VisualStudioVersion = 17.2.34408.132
MinimumVisualStudioVersion = 10.0.40219.1
Project("{FAE04EC0-301F-11D3-BF4B-00C04F79EFBC}") = "MerciSoftware", "MerciSoftware\MerciSoftware.csproj", "{B9FAFBD3-7658-43D2-9102-3102B4C83781}"
EndProject
Project("{2150E333-8FDC-42A3-9474-1A3956D46DE8}") = "Elementi di soluzione", "Elementi di soluzione", "{709FC6E0-FE0F-4F78-8B08-F6F29DF26251}"
	ProjectSection(SolutionItems) = preProject
		query.sql = query.sql
	EndProjectSection
EndProject
Global
	GlobalSection(SolutionConfigurationPlatforms) = preSolution
		Debug|Any CPU = Debug|Any CPU
		Release|Any CPU = Release|Any CPU
	EndGlobalSection
	GlobalSection(ProjectConfigurationPlatforms) = postSolution
		{B9FAFBD3-7658-43D2-9102-3102B4C83781}.Debug|Any CPU.ActiveCfg = Debug|Any CPU
		{B9FAFBD3-7658-43D2-9102-3102B4C83781}.Debug|Any CPU.Build.0 = Debug|Any CPU
		{B9FAFBD3-7658-43D2-9102-3102B4C83781}.Release|Any CPU.ActiveCfg = Release|Any CPU
		{B9FAFBD3-7658-43D2-9102-3102B4C83781}.Release|Any CPU.Build.0 = Release|Any CPU
	EndGlobalSection
	GlobalSection(SolutionProperties) = preSolution
		HideSolutionNode = FALSE
	EndGlobalSection
	GlobalSection(ExtensibilityGlobals) = postSolution
		SolutionGuid = {05AC680E-919C-46CC-93FA-00A20FE4C201}
	EndGlobalSection
EndGlobal
